
Microsoft Visual Studio Solution File, Format Version 12.00
# Visual Studio Version 17
VisualStudioVersion = 17.5.002.0
MinimumVisualStudioVersion = 10.0.40219.1
Project("{9A19103F-16F7-4668-BE54-9A1E7A4F7556}") = "Calculator", "Calculator.csproj", "{1067524F-59D0-476A-96D9-C6D0EDBD070D}"
EndProject
Global
	GlobalSection(SolutionConfigurationPlatforms) = preSolution
		Debug|Any CPU = Debug|Any CPU
		Release|Any CPU = Release|Any CPU
	EndGlobalSection
	GlobalSection(ProjectConfigurationPlatforms) = postSolution
		{1067524F-59D0-476A-96D9-C6D0EDBD070D}.Debug|Any CPU.ActiveCfg = Debug|Any CPU
		{1067524F-59D0-476A-96D9-C6D0EDBD070D}.Debug|Any CPU.Build.0 = Debug|Any CPU
		{1067524F-59D0-476A-96D9-C6D0EDBD070D}.Release|Any CPU.ActiveCfg = Release|Any CPU
		{1067524F-59D0-476A-96D9-C6D0EDBD070D}.Release|Any CPU.Build.0 = Release|Any CPU
	EndGlobalSection
	GlobalSection(SolutionProperties) = preSolution
		HideSolutionNode = FALSE
	EndGlobalSection
	GlobalSection(ExtensibilityGlobals) = postSolution
		SolutionGuid = {A10A5598-CA98-4098-A3BC-6EE952697C9E}
	EndGlobalSection
EndGlobal
